
Microsoft Visual Studio Solution File, Format Version 12.00
# Visual Studio Version 16
VisualStudioVersion = 16.0.30523.141
MinimumVisualStudioVersion = 10.0.40219.1
Project("{FAE04EC0-301F-11D3-BF4B-00C04F79EFBC}") = "AI_Robot", "AI_Robot\AI_Robot.csproj", "{92B25EBD-196A-4158-8144-CE870BFC5A4A}"
EndProject
Global
	GlobalSection(SolutionConfigurationPlatforms) = preSolution
		Debug|Any CPU = Debug|Any CPU
		Release|Any CPU = Release|Any CPU
	EndGlobalSection
	GlobalSection(ProjectConfigurationPlatforms) = postSolution
		{92B25EBD-196A-4158-8144-CE870BFC5A4A}.Debug|Any CPU.ActiveCfg = Debug|Any CPU
		{92B25EBD-196A-4158-8144-CE870BFC5A4A}.Debug|Any CPU.Build.0 = Debug|Any CPU
		{92B25EBD-196A-4158-8144-CE870BFC5A4A}.Release|Any CPU.ActiveCfg = Release|Any CPU
		{92B25EBD-196A-4158-8144-CE870BFC5A4A}.Release|Any CPU.Build.0 = Release|Any CPU
	EndGlobalSection
	GlobalSection(SolutionProperties) = preSolution
		HideSolutionNode = FALSE
	EndGlobalSection
	GlobalSection(ExtensibilityGlobals) = postSolution
		SolutionGuid = {D5A715CE-7BBF-4F57-9896-08F162ECBAD3}
	EndGlobalSection
EndGlobal
